{
  "version": 4,
  "terraform_version": "0.12.18",
  "serial": 6,
  "lineage": "f81286d2-c782-7198-dd8f-d2fb6f3c8a42",
  "outputs": {},
  "resources": [
    {
      "mode": "managed",
      "type": "aws_instance",
      "name": "playbook",
      "provider": "provider.aws",
      "instances": [
        {
          "schema_version": 1,
          "attributes": {
            "ami": "ami-0520e698dd500b1d1",
            "arn": "arn:aws:ec2:us-east-2:163239519956:instance/i-0814806aadb135f49",
            "associate_public_ip_address": true,
            "availability_zone": "us-east-2c",
            "cpu_core_count": 1,
            "cpu_threads_per_core": 1,
            "credit_specification": [
              {
                "cpu_credits": "standard"
              }
            ],
            "disable_api_termination": false,
            "ebs_block_device": [],
            "ebs_optimized": false,
            "ephemeral_block_device": [],
            "get_password_data": false,
            "host_id": null,
            "iam_instance_profile": "",
            "id": "i-0814806aadb135f49",
            "instance_initiated_shutdown_behavior": null,
            "instance_state": "running",
            "instance_type": "t2.micro",
            "ipv6_address_count": 0,
            "ipv6_addresses": [],
            "key_name": "nkeyy",
            "monitoring": false,
            "network_interface": [],
            "network_interface_id": null,
            "password_data": "",
            "placement_group": "",
            "primary_network_interface_id": "eni-0fb800c50940aafbc",
            "private_dns": "ip-172-31-33-97.us-east-2.compute.internal",
            "private_ip": "172.31.33.97",
            "public_dns": "ec2-18-219-207-108.us-east-2.compute.amazonaws.com",
            "public_ip": "18.219.207.108",
            "root_block_device": [
              {
                "delete_on_termination": true,
                "encrypted": false,
                "iops": 100,
                "kms_key_id": "",
                "volume_id": "vol-0de65463f9955b3bf",
                "volume_size": 10,
                "volume_type": "gp2"
              }
            ],
            "security_groups": [
              "default"
            ],
            "source_dest_check": true,
            "subnet_id": "subnet-38068374",
            "tags": {
              "Name": "new"
            },
            "tenancy": "default",
            "timeouts": null,
            "user_data": null,
            "user_data_base64": null,
            "volume_tags": {},
            "vpc_security_group_ids": [
              "sg-48cf032d"
            ]
          },
          "private": "eyJlMmJmYjczMC1lY2FhLTExZTYtOGY4OC0zNDM2M2JjN2M0YzAiOnsiY3JlYXRlIjo2MDAwMDAwMDAwMDAsImRlbGV0ZSI6MTIwMDAwMDAwMDAwMCwidXBkYXRlIjo2MDAwMDAwMDAwMDB9LCJzY2hlbWFfdmVyc2lvbiI6IjEifQ=="
        }
      ]
    },
    {
      "mode": "managed",
      "type": "aws_key_pair",
      "name": "depl",
      "provider": "provider.aws",
      "instances": [
        {
          "schema_version": 1,
          "attributes": {
            "fingerprint": "37:0e:82:c3:14:83:a9:3e:fb:d3:8c:5c:31:42:25:f3",
            "id": "nkeyy",
            "key_name": "nkeyy",
            "key_name_prefix": null,
            "public_key": "ssh-rsa AAAAB3NzaC1yc2EAAAADAQABAAABAQCz10gDdkC7W/SKUpo2EWZ+Ppkl3mQ+UAWzFTAjs7tP7URtcbCQzMFaHFleEObwN6UXk0fRyXk84ghI+1l8avOVgxWY2nfB3z47gkecdtgnCEtF2a+0/bU47nb/j2Cfss9z5gquG0K1+l/R/FOTKt3flb0wMVzAQpMTTthVUqhS8czx9Mo4Ii+5XML2OZjQPuK21VVR5VvIhR6wIgEfsaw5qdqMHLYcYGSk+XWN9g+6hXerzlXE0oZ23j7Gvx27rlmLuyYnesJ2aqnS+2b7yWA5G+XPvZK8/BVKFG316VzzPTAQa921nrpNEuBJXCM0ttNjFMUE0CR0anMvkgTFk5i1 ec2-user@ip-172-31-44-206.us-east-2.compute.internal"
          },
          "private": "eyJzY2hlbWFfdmVyc2lvbiI6IjEifQ=="
        }
      ]
    }
  ]
}
